
Microsoft Visual Studio Solution File, Format Version 12.00
# Visual Studio Version 17
VisualStudioVersion = 17.14.36717.8 d17.14
MinimumVisualStudioVersion = 10.0.40219.1
Project("{FAE04EC0-301F-11D3-BF4B-00C04F79EFBC}") = "ImportYards", "ImportYards.csproj", "{DD51C8A4-8BB8-4229-949C-A8A98174C2EA}"
EndProject
Global
	GlobalSection(SolutionConfigurationPlatforms) = preSolution
		Debug|Any CPU = Debug|Any CPU
		Release|Any CPU = Release|Any CPU
	EndGlobalSection
	GlobalSection(ProjectConfigurationPlatforms) = postSolution
		{DD51C8A4-8BB8-4229-949C-A8A98174C2EA}.Debug|Any CPU.ActiveCfg = Debug|Any CPU
		{DD51C8A4-8BB8-4229-949C-A8A98174C2EA}.Debug|Any CPU.Build.0 = Debug|Any CPU
		{DD51C8A4-8BB8-4229-949C-A8A98174C2EA}.Release|Any CPU.ActiveCfg = Release|Any CPU
		{DD51C8A4-8BB8-4229-949C-A8A98174C2EA}.Release|Any CPU.Build.0 = Release|Any CPU
	EndGlobalSection
	GlobalSection(SolutionProperties) = preSolution
		HideSolutionNode = FALSE
	EndGlobalSection
	GlobalSection(ExtensibilityGlobals) = postSolution
		SolutionGuid = {AF066BCE-CFD8-4E71-966D-714E313EC2B4}
	EndGlobalSection
EndGlobal
